
Microsoft Visual Studio Solution File, Format Version 12.00
# Visual Studio 15
VisualStudioVersion = 15.0.27703.2047
MinimumVisualStudioVersion = 10.0.40219.1
Project("{FAE04EC0-301F-11D3-BF4B-00C04F79EFBC}") = "SimpleClasses", "SimpleClasses\SimpleClasses.csproj", "{1C08F9E7-1E63-4636-B5B0-7A37738DB33E}"
EndProject
Global
	GlobalSection(SolutionConfigurationPlatforms) = preSolution
		Debug|Any CPU = Debug|Any CPU
		Release|Any CPU = Release|Any CPU
	EndGlobalSection
	GlobalSection(ProjectConfigurationPlatforms) = postSolution
		{1C08F9E7-1E63-4636-B5B0-7A37738DB33E}.Debug|Any CPU.ActiveCfg = Debug|Any CPU
		{1C08F9E7-1E63-4636-B5B0-7A37738DB33E}.Debug|Any CPU.Build.0 = Debug|Any CPU
		{1C08F9E7-1E63-4636-B5B0-7A37738DB33E}.Release|Any CPU.ActiveCfg = Release|Any CPU
		{1C08F9E7-1E63-4636-B5B0-7A37738DB33E}.Release|Any CPU.Build.0 = Release|Any CPU
	EndGlobalSection
	GlobalSection(SolutionProperties) = preSolution
		HideSolutionNode = FALSE
	EndGlobalSection
	GlobalSection(ExtensibilityGlobals) = postSolution
		SolutionGuid = {417A2AC8-1066-403E-A9F0-B17EDC8562B2}
	EndGlobalSection
EndGlobal
